Microsoft Visual Studio Solution File, Format Version 12.00
# Visual Studio Version 17
VisualStudioVersion = 17.5.2.0
MinimumVisualStudioVersion = 10.0.40219.1
Project("{FAE04EC0-301F-11D3-BF4B-00C04F79EFBC}") = "Pima.Api", "Pima.Api.csproj", "{9BE0D97D-7A5E-4313-A535-2FF7F024A0F6}"
EndProject
Global
	GlobalSection(SolutionConfigurationPlatforms) = preSolution
		Debug|Any CPU = Debug|Any CPU
		Release|Any CPU = Release|Any CPU
	EndGlobalSection
	GlobalSection(ProjectConfigurationPlatforms) = postSolution
		{9BE0D97D-7A5E-4313-A535-2FF7F024A0F6}.Debug|Any CPU.ActiveCfg = Debug|Any CPU
		{9BE0D97D-7A5E-4313-A535-2FF7F024A0F6}.Debug|Any CPU.Build.0 = Debug|Any CPU
		{9BE0D97D-7A5E-4313-A535-2FF7F024A0F6}.Release|Any CPU.ActiveCfg = Release|Any CPU
		{9BE0D97D-7A5E-4313-A535-2FF7F024A0F6}.Release|Any CPU.Build.0 = Release|Any CPU
	EndGlobalSection
	GlobalSection(SolutionProperties) = preSolution
		HideSolutionNode = FALSE
	EndGlobalSection
	GlobalSection(ExtensibilityGlobals) = postSolution
		SolutionGuid = {577D83EC-4EEE-4D9F-BB13-FA010EB0F4D4}
	EndGlobalSection
EndGlobal
